
Microsoft Visual Studio Solution File, Format Version 12.00
# Visual Studio Version 17
VisualStudioVersion = 17.9.34902.65
MinimumVisualStudioVersion = 10.0.40219.1
Project("{9A19103F-16F7-4668-BE54-9A1E7A4F7556}") = "Esess.PatientAPI", "Esess_Patient_API\Esess.PatientAPI.csproj", "{B0067922-7AE1-4227-B7E4-7AAFA8B8A80D}"
EndProject
Project("{2150E333-8FDC-42A3-9474-1A3956D46DE8}") = "Services", "Services", "{1684F665-8C8F-4776-8D0E-8116E57691FD}"
EndProject
Project("{9A19103F-16F7-4668-BE54-9A1E7A4F7556}") = "Esess.AppointmentAPI", "Esess.Appointment.API\Esess.AppointmentAPI.csproj", "{D0456901-3B94-419C-AF30-0A7E48510F65}"
EndProject
Project("{9A19103F-16F7-4668-BE54-9A1E7A4F7556}") = "Esess.BillingAPI", "Esess.Billing.API\Esess.BillingAPI.csproj", "{E1D2DB00-5B3E-40C4-B3E6-0056D686C025}"
EndProject
Project("{9A19103F-16F7-4668-BE54-9A1E7A4F7556}") = "Esess.NotificationAPI", "Esess.Notification.API\Esess.NotificationAPI.csproj", "{5FFAD3BC-7FE4-47FE-BACB-53AD583D72E4}"
EndProject
Project("{9A19103F-16F7-4668-BE54-9A1E7A4F7556}") = "Esess.HealthcareAPI", "Esess.Healthcare.API\Esess.HealthcareAPI.csproj", "{49522266-39FF-4C2B-9306-182ABE4DECD9}"
EndProject
Project("{2150E333-8FDC-42A3-9474-1A3956D46DE8}") = "FrontEnd", "FrontEnd", "{A5E46A9E-EC01-4A44-B6A4-B9A0E23793B2}"
EndProject
Project("{2150E333-8FDC-42A3-9474-1A3956D46DE8}") = "Gateway", "Gateway", "{6B309ACD-AFA2-4449-8546-1B34AD128254}"
EndProject
Project("{9A19103F-16F7-4668-BE54-9A1E7A4F7556}") = "Esess.GatewaySolution", "Esess.GatewaySolution\Esess.GatewaySolution.csproj", "{1F0F99B0-34D5-4E31-8D24-815D1B1163E6}"
EndProject
Project("{9A19103F-16F7-4668-BE54-9A1E7A4F7556}") = "Esess.Web", "Esess.Web\Esess.Web.csproj", "{3B13A27F-89B5-4B71-B5A7-E7FAA9D4D898}"
EndProject
Project("{FAE04EC0-301F-11D3-BF4B-00C04F79EFBC}") = "Esess.AuthAPI", "Esess.AuthAPI\Esess.AuthAPI.csproj", "{980F21FA-4970-41A6-9FFE-B50AB3945D4F}"
EndProject
Global
	GlobalSection(SolutionConfigurationPlatforms) = preSolution
		Debug|Any CPU = Debug|Any CPU
		Release|Any CPU = Release|Any CPU
	EndGlobalSection
	GlobalSection(ProjectConfigurationPlatforms) = postSolution
		{B0067922-7AE1-4227-B7E4-7AAFA8B8A80D}.Debug|Any CPU.ActiveCfg = Debug|Any CPU
		{B0067922-7AE1-4227-B7E4-7AAFA8B8A80D}.Debug|Any CPU.Build.0 = Debug|Any CPU
		{B0067922-7AE1-4227-B7E4-7AAFA8B8A80D}.Release|Any CPU.ActiveCfg = Release|Any CPU
		{B0067922-7AE1-4227-B7E4-7AAFA8B8A80D}.Release|Any CPU.Build.0 = Release|Any CPU
		{D0456901-3B94-419C-AF30-0A7E48510F65}.Debug|Any CPU.ActiveCfg = Debug|Any CPU
		{D0456901-3B94-419C-AF30-0A7E48510F65}.Debug|Any CPU.Build.0 = Debug|Any CPU
		{D0456901-3B94-419C-AF30-0A7E48510F65}.Release|Any CPU.ActiveCfg = Release|Any CPU
		{D0456901-3B94-419C-AF30-0A7E48510F65}.Release|Any CPU.Build.0 = Release|Any CPU
		{E1D2DB00-5B3E-40C4-B3E6-0056D686C025}.Debug|Any CPU.ActiveCfg = Debug|Any CPU
		{E1D2DB00-5B3E-40C4-B3E6-0056D686C025}.Debug|Any CPU.Build.0 = Debug|Any CPU
		{E1D2DB00-5B3E-40C4-B3E6-0056D686C025}.Release|Any CPU.ActiveCfg = Release|Any CPU
		{E1D2DB00-5B3E-40C4-B3E6-0056D686C025}.Release|Any CPU.Build.0 = Release|Any CPU
		{5FFAD3BC-7FE4-47FE-BACB-53AD583D72E4}.Debug|Any CPU.ActiveCfg = Debug|Any CPU
		{5FFAD3BC-7FE4-47FE-BACB-53AD583D72E4}.Debug|Any CPU.Build.0 = Debug|Any CPU
		{5FFAD3BC-7FE4-47FE-BACB-53AD583D72E4}.Release|Any CPU.ActiveCfg = Release|Any CPU
		{5FFAD3BC-7FE4-47FE-BACB-53AD583D72E4}.Release|Any CPU.Build.0 = Release|Any CPU
		{49522266-39FF-4C2B-9306-182ABE4DECD9}.Debug|Any CPU.ActiveCfg = Debug|Any CPU
		{49522266-39FF-4C2B-9306-182ABE4DECD9}.Debug|Any CPU.Build.0 = Debug|Any CPU
		{49522266-39FF-4C2B-9306-182ABE4DECD9}.Release|Any CPU.ActiveCfg = Release|Any CPU
		{49522266-39FF-4C2B-9306-182ABE4DECD9}.Release|Any CPU.Build.0 = Release|Any CPU
		{1F0F99B0-34D5-4E31-8D24-815D1B1163E6}.Debug|Any CPU.ActiveCfg = Debug|Any CPU
		{1F0F99B0-34D5-4E31-8D24-815D1B1163E6}.Debug|Any CPU.Build.0 = Debug|Any CPU
		{1F0F99B0-34D5-4E31-8D24-815D1B1163E6}.Release|Any CPU.ActiveCfg = Release|Any CPU
		{1F0F99B0-34D5-4E31-8D24-815D1B1163E6}.Release|Any CPU.Build.0 = Release|Any CPU
		{3B13A27F-89B5-4B71-B5A7-E7FAA9D4D898}.Debug|Any CPU.ActiveCfg = Debug|Any CPU
		{3B13A27F-89B5-4B71-B5A7-E7FAA9D4D898}.Debug|Any CPU.Build.0 = Debug|Any CPU
		{3B13A27F-89B5-4B71-B5A7-E7FAA9D4D898}.Release|Any CPU.ActiveCfg = Release|Any CPU
		{3B13A27F-89B5-4B71-B5A7-E7FAA9D4D898}.Release|Any CPU.Build.0 = Release|Any CPU
		{980F21FA-4970-41A6-9FFE-B50AB3945D4F}.Debug|Any CPU.ActiveCfg = Debug|Any CPU
		{980F21FA-4970-41A6-9FFE-B50AB3945D4F}.Debug|Any CPU.Build.0 = Debug|Any CPU
		{980F21FA-4970-41A6-9FFE-B50AB3945D4F}.Release|Any CPU.ActiveCfg = Release|Any CPU
		{980F21FA-4970-41A6-9FFE-B50AB3945D4F}.Release|Any CPU.Build.0 = Release|Any CPU
	EndGlobalSection
	GlobalSection(SolutionProperties) = preSolution
		HideSolutionNode = FALSE
	EndGlobalSection
	GlobalSection(NestedProjects) = preSolution
		{B0067922-7AE1-4227-B7E4-7AAFA8B8A80D} = {1684F665-8C8F-4776-8D0E-8116E57691FD}
		{D0456901-3B94-419C-AF30-0A7E48510F65} = {1684F665-8C8F-4776-8D0E-8116E57691FD}
		{E1D2DB00-5B3E-40C4-B3E6-0056D686C025} = {1684F665-8C8F-4776-8D0E-8116E57691FD}
		{5FFAD3BC-7FE4-47FE-BACB-53AD583D72E4} = {1684F665-8C8F-4776-8D0E-8116E57691FD}
		{49522266-39FF-4C2B-9306-182ABE4DECD9} = {1684F665-8C8F-4776-8D0E-8116E57691FD}
		{1F0F99B0-34D5-4E31-8D24-815D1B1163E6} = {6B309ACD-AFA2-4449-8546-1B34AD128254}
		{3B13A27F-89B5-4B71-B5A7-E7FAA9D4D898} = {A5E46A9E-EC01-4A44-B6A4-B9A0E23793B2}
		{980F21FA-4970-41A6-9FFE-B50AB3945D4F} = {1684F665-8C8F-4776-8D0E-8116E57691FD}
	EndGlobalSection
	GlobalSection(ExtensibilityGlobals) = postSolution
		SolutionGuid = {55DF2599-4A1E-4C2F-8650-2694C49A7E1C}
	EndGlobalSection
EndGlobal
